
Microsoft Visual Studio Solution File, Format Version 12.00
# Visual Studio Version 17
VisualStudioVersion = 17.0.31903.59
MinimumVisualStudioVersion = 10.0.40219.1
Project("{FAE04EC0-301F-11D3-BF4B-00C04F79EFBC}") = "API", "API\API.csproj", "{9E9AD6B9-F5B2-449B-87EA-E6ED4AB53CDE}"
EndProject
Project("{FAE04EC0-301F-11D3-BF4B-00C04F79EFBC}") = "Core", "Core\Core.csproj", "{BCF4D067-279E-4C49-AA9D-BDBE0E20922E}"
EndProject
Project("{FAE04EC0-301F-11D3-BF4B-00C04F79EFBC}") = "Infrastructure", "Infrastructure\Infrastructure.csproj", "{0F3E0DD4-B309-4F02-99B9-59C24FF6EBA1}"
EndProject
Global
	GlobalSection(SolutionConfigurationPlatforms) = preSolution
		Debug|Any CPU = Debug|Any CPU
		Release|Any CPU = Release|Any CPU
	EndGlobalSection
	GlobalSection(SolutionProperties) = preSolution
		HideSolutionNode = FALSE
	EndGlobalSection
	GlobalSection(ProjectConfigurationPlatforms) = postSolution
		{9E9AD6B9-F5B2-449B-87EA-E6ED4AB53CDE}.Debug|Any CPU.ActiveCfg = Debug|Any CPU
		{9E9AD6B9-F5B2-449B-87EA-E6ED4AB53CDE}.Debug|Any CPU.Build.0 = Debug|Any CPU
		{9E9AD6B9-F5B2-449B-87EA-E6ED4AB53CDE}.Release|Any CPU.ActiveCfg = Release|Any CPU
		{9E9AD6B9-F5B2-449B-87EA-E6ED4AB53CDE}.Release|Any CPU.Build.0 = Release|Any CPU
		{BCF4D067-279E-4C49-AA9D-BDBE0E20922E}.Debug|Any CPU.ActiveCfg = Debug|Any CPU
		{BCF4D067-279E-4C49-AA9D-BDBE0E20922E}.Debug|Any CPU.Build.0 = Debug|Any CPU
		{BCF4D067-279E-4C49-AA9D-BDBE0E20922E}.Release|Any CPU.ActiveCfg = Release|Any CPU
		{BCF4D067-279E-4C49-AA9D-BDBE0E20922E}.Release|Any CPU.Build.0 = Release|Any CPU
		{0F3E0DD4-B309-4F02-99B9-59C24FF6EBA1}.Debug|Any CPU.ActiveCfg = Debug|Any CPU
		{0F3E0DD4-B309-4F02-99B9-59C24FF6EBA1}.Debug|Any CPU.Build.0 = Debug|Any CPU
		{0F3E0DD4-B309-4F02-99B9-59C24FF6EBA1}.Release|Any CPU.ActiveCfg = Release|Any CPU
		{0F3E0DD4-B309-4F02-99B9-59C24FF6EBA1}.Release|Any CPU.Build.0 = Release|Any CPU
	EndGlobalSection
EndGlobal
